
Microsoft Visual Studio Solution File, Format Version 12.00
Project("{FAE04EC0-301F-11D3-BF4B-00C04F79EFBC}") = "ThirdLab.Mutex", "ThirdLab.Mutex\ThirdLab.Mutex.csproj", "{068F6AFD-31B1-4646-A74F-ABB173AC49E7}"
EndProject
Project("{FAE04EC0-301F-11D3-BF4B-00C04F79EFBC}") = "ThirdLab.Disposer", "ThirdLab.Disposer\ThirdLab.Disposer.csproj", "{66230ABD-CA31-4407-8394-2A76991A4805}"
EndProject
Global
	GlobalSection(SolutionConfigurationPlatforms) = preSolution
		Debug|Any CPU = Debug|Any CPU
		Release|Any CPU = Release|Any CPU
	EndGlobalSection
	GlobalSection(ProjectConfigurationPlatforms) = postSolution
		{068F6AFD-31B1-4646-A74F-ABB173AC49E7}.Debug|Any CPU.ActiveCfg = Debug|Any CPU
		{068F6AFD-31B1-4646-A74F-ABB173AC49E7}.Debug|Any CPU.Build.0 = Debug|Any CPU
		{068F6AFD-31B1-4646-A74F-ABB173AC49E7}.Release|Any CPU.ActiveCfg = Release|Any CPU
		{068F6AFD-31B1-4646-A74F-ABB173AC49E7}.Release|Any CPU.Build.0 = Release|Any CPU
		{66230ABD-CA31-4407-8394-2A76991A4805}.Debug|Any CPU.ActiveCfg = Debug|Any CPU
		{66230ABD-CA31-4407-8394-2A76991A4805}.Debug|Any CPU.Build.0 = Debug|Any CPU
		{66230ABD-CA31-4407-8394-2A76991A4805}.Release|Any CPU.ActiveCfg = Release|Any CPU
		{66230ABD-CA31-4407-8394-2A76991A4805}.Release|Any CPU.Build.0 = Release|Any CPU
	EndGlobalSection
EndGlobal
